
Microsoft Visual Studio Solution File, Format Version 12.00
# Visual Studio Version 17
VisualStudioVersion = 17.14.36518.9 d17.14
MinimumVisualStudioVersion = 10.0.40219.1
Project("{FAE04EC0-301F-11D3-BF4B-00C04F79EFBC}") = "ConsoleApp1", "ConsoleApp1.csproj", "{794A5C2A-F8A0-4FC5-A528-0855A595498B}"
EndProject
Global
	GlobalSection(SolutionConfigurationPlatforms) = preSolution
		Debug|Any CPU = Debug|Any CPU
		Release|Any CPU = Release|Any CPU
	EndGlobalSection
	GlobalSection(ProjectConfigurationPlatforms) = postSolution
		{794A5C2A-F8A0-4FC5-A528-0855A595498B}.Debug|Any CPU.ActiveCfg = Debug|Any CPU
		{794A5C2A-F8A0-4FC5-A528-0855A595498B}.Debug|Any CPU.Build.0 = Debug|Any CPU
		{794A5C2A-F8A0-4FC5-A528-0855A595498B}.Release|Any CPU.ActiveCfg = Release|Any CPU
		{794A5C2A-F8A0-4FC5-A528-0855A595498B}.Release|Any CPU.Build.0 = Release|Any CPU
	EndGlobalSection
	GlobalSection(SolutionProperties) = preSolution
		HideSolutionNode = FALSE
	EndGlobalSection
	GlobalSection(ExtensibilityGlobals) = postSolution
		SolutionGuid = {FA5C38DC-86C9-43A7-8598-026C2E8886BD}
	EndGlobalSection
EndGlobal
